
Microsoft Visual Studio Solution File, Format Version 12.00
# Visual Studio Version 16
VisualStudioVersion = 16.0.32929.386
MinimumVisualStudioVersion = 10.0.40219.1
Project("{FAE04EC0-301F-11D3-BF4B-00C04F79EFBC}") = "ordenamiento", "ordenamiento\ordenamiento.csproj", "{D500C3D4-6693-4942-863F-A226BAA7A216}"
EndProject
Global
	GlobalSection(SolutionConfigurationPlatforms) = preSolution
		Debug|Any CPU = Debug|Any CPU
		Release|Any CPU = Release|Any CPU
	EndGlobalSection
	GlobalSection(ProjectConfigurationPlatforms) = postSolution
		{D500C3D4-6693-4942-863F-A226BAA7A216}.Debug|Any CPU.ActiveCfg = Debug|Any CPU
		{D500C3D4-6693-4942-863F-A226BAA7A216}.Debug|Any CPU.Build.0 = Debug|Any CPU
		{D500C3D4-6693-4942-863F-A226BAA7A216}.Release|Any CPU.ActiveCfg = Release|Any CPU
		{D500C3D4-6693-4942-863F-A226BAA7A216}.Release|Any CPU.Build.0 = Release|Any CPU
	EndGlobalSection
	GlobalSection(SolutionProperties) = preSolution
		HideSolutionNode = FALSE
	EndGlobalSection
	GlobalSection(ExtensibilityGlobals) = postSolution
		SolutionGuid = {732DFF03-FA41-40F5-8476-CB2B6CFE447C}
	EndGlobalSection
EndGlobal
